
Microsoft Visual Studio Solution File, Format Version 12.00
# Visual Studio 2012
Project("{FAE04EC0-301F-11D3-BF4B-00C04F79EFBC}") = "Heinzight", "Heinzight\Heinzight.csproj", "{02F830EC-F5AE-4BAF-AB69-E02EC7A5FF36}"
EndProject
Project("{D954291E-2A0B-460D-934E-DC6B0785DB48}") = "Heinzight.Core", "Heinzight.Core\Heinzight.Core.shproj", "{44E5A57B-9347-4841-BA0E-8797CB18DFD3}"
EndProject
Global
	GlobalSection(SolutionConfigurationPlatforms) = preSolution
		Debug|iPhoneSimulator = Debug|iPhoneSimulator
		Release|iPhoneSimulator = Release|iPhoneSimulator
		Debug|iPhone = Debug|iPhone
		Release|iPhone = Release|iPhone
		Ad-Hoc|iPhone = Ad-Hoc|iPhone
		AppStore|iPhone = AppStore|iPhone
	EndGlobalSection
	GlobalSection(ProjectConfigurationPlatforms) = postSolution
		{02F830EC-F5AE-4BAF-AB69-E02EC7A5FF36}.Ad-Hoc|iPhone.ActiveCfg = Ad-Hoc|iPhone
		{02F830EC-F5AE-4BAF-AB69-E02EC7A5FF36}.Ad-Hoc|iPhone.Build.0 = Ad-Hoc|iPhone
		{02F830EC-F5AE-4BAF-AB69-E02EC7A5FF36}.AppStore|iPhone.ActiveCfg = AppStore|iPhone
		{02F830EC-F5AE-4BAF-AB69-E02EC7A5FF36}.AppStore|iPhone.Build.0 = AppStore|iPhone
		{02F830EC-F5AE-4BAF-AB69-E02EC7A5FF36}.Debug|iPhone.ActiveCfg = Debug|iPhone
		{02F830EC-F5AE-4BAF-AB69-E02EC7A5FF36}.Debug|iPhone.Build.0 = Debug|iPhone
		{02F830EC-F5AE-4BAF-AB69-E02EC7A5FF36}.Debug|iPhoneSimulator.ActiveCfg = Debug|iPhoneSimulator
		{02F830EC-F5AE-4BAF-AB69-E02EC7A5FF36}.Debug|iPhoneSimulator.Build.0 = Debug|iPhoneSimulator
		{02F830EC-F5AE-4BAF-AB69-E02EC7A5FF36}.Release|iPhone.ActiveCfg = Release|iPhone
		{02F830EC-F5AE-4BAF-AB69-E02EC7A5FF36}.Release|iPhone.Build.0 = Release|iPhone
		{02F830EC-F5AE-4BAF-AB69-E02EC7A5FF36}.Release|iPhoneSimulator.ActiveCfg = Release|iPhoneSimulator
		{02F830EC-F5AE-4BAF-AB69-E02EC7A5FF36}.Release|iPhoneSimulator.Build.0 = Release|iPhoneSimulator
	EndGlobalSection
EndGlobal
